
Microsoft Visual Studio Solution File, Format Version 12.00
# Visual Studio Version 17
VisualStudioVersion = 17.0.31903.59
MinimumVisualStudioVersion = 10.0.40219.1
Project("{2150E333-8FDC-42A3-9474-1A3956D46DE8}") = "Solution Items", "Solution Items", "{18C20490-AA42-464A-BBC4-7B6CF63B91DE}"
	ProjectSection(SolutionItems) = preProject
		.editorconfig = .editorconfig
		.gitignore = .gitignore
		.globalconfig = .globalconfig
		Directory.Build.props = Directory.Build.props
		.config\dotnet-tools.json = .config\dotnet-tools.json
		global.json = global.json
	EndProjectSection
EndProject
Project("{9A19103F-16F7-4668-BE54-9A1E7A4F7556}") = "SDL3-CS", "SDL3-CS\SDL3-CS.csproj", "{3AEE5979-6974-4BD6-9BB1-1409B0BB469B}"
EndProject
Project("{9A19103F-16F7-4668-BE54-9A1E7A4F7556}") = "SDL3-CS.SourceGeneration", "SDL3-CS.SourceGeneration\SDL3-CS.SourceGeneration.csproj", "{432C86D0-D371-4D01-BFFE-01D2CDCCA7B8}"
EndProject
Project("{9A19103F-16F7-4668-BE54-9A1E7A4F7556}") = "SDL3-CS.Tests", "SDL3-CS.Tests\SDL3-CS.Tests.csproj", "{CF980481-8227-4BED-970E-6433C83F64CB}"
EndProject
Project("{FAE04EC0-301F-11D3-BF4B-00C04F79EFBC}") = "SDL3-CS.Tests.Android", "SDL3-CS.Tests.Android\SDL3-CS.Tests.Android.csproj", "{E8469DA5-E437-4287-9E2A-8B8F4DC21C1A}"
EndProject
Project("{FAE04EC0-301F-11D3-BF4B-00C04F79EFBC}") = "SDL3-CS.Tests.iOS", "SDL3-CS.Tests.iOS\SDL3-CS.Tests.iOS.csproj", "{CCDD11EE-D552-4925-8B68-351AC9317589}"
EndProject
Project("{FAE04EC0-301F-11D3-BF4B-00C04F79EFBC}") = "SDL3-CS.Tests.Desktop", "SDL3-CS.Tests.Desktop\SDL3-CS.Tests.Desktop.csproj", "{7E8D719A-5B69-43B7-A9D5-385B6FE7F411}"
EndProject
Project("{9A19103F-16F7-4668-BE54-9A1E7A4F7556}") = "SDL3_ttf-CS", "SDL3_ttf-CS\SDL3_ttf-CS.csproj", "{8E37EB82-ACC4-4656-A6E5-DB298AE72066}"
EndProject
Project("{9A19103F-16F7-4668-BE54-9A1E7A4F7556}") = "SDL3_image-CS", "SDL3_image-CS\SDL3_image-CS.csproj", "{A0D6FC5F-BA26-4298-ABF0-234D2481E323}"
EndProject
Project("{FAE04EC0-301F-11D3-BF4B-00C04F79EFBC}") = "SDL3_mixer-CS", "SDL3_mixer-CS\SDL3_mixer-CS.csproj", "{421748C4-B51F-4B00-9637-566DBFD96E02}"
EndProject
Global
	GlobalSection(SolutionConfigurationPlatforms) = preSolution
		Debug|Any CPU = Debug|Any CPU
		Release|Any CPU = Release|Any CPU
	EndGlobalSection
	GlobalSection(ProjectConfigurationPlatforms) = postSolution
		{3AEE5979-6974-4BD6-9BB1-1409B0BB469B}.Debug|Any CPU.ActiveCfg = Debug|Any CPU
		{3AEE5979-6974-4BD6-9BB1-1409B0BB469B}.Debug|Any CPU.Build.0 = Debug|Any CPU
		{3AEE5979-6974-4BD6-9BB1-1409B0BB469B}.Release|Any CPU.ActiveCfg = Release|Any CPU
		{3AEE5979-6974-4BD6-9BB1-1409B0BB469B}.Release|Any CPU.Build.0 = Release|Any CPU
		{432C86D0-D371-4D01-BFFE-01D2CDCCA7B8}.Debug|Any CPU.ActiveCfg = Debug|Any CPU
		{432C86D0-D371-4D01-BFFE-01D2CDCCA7B8}.Debug|Any CPU.Build.0 = Debug|Any CPU
		{432C86D0-D371-4D01-BFFE-01D2CDCCA7B8}.Release|Any CPU.ActiveCfg = Release|Any CPU
		{432C86D0-D371-4D01-BFFE-01D2CDCCA7B8}.Release|Any CPU.Build.0 = Release|Any CPU
		{CF980481-8227-4BED-970E-6433C83F64CB}.Debug|Any CPU.ActiveCfg = Debug|Any CPU
		{CF980481-8227-4BED-970E-6433C83F64CB}.Debug|Any CPU.Build.0 = Debug|Any CPU
		{CF980481-8227-4BED-970E-6433C83F64CB}.Release|Any CPU.ActiveCfg = Release|Any CPU
		{CF980481-8227-4BED-970E-6433C83F64CB}.Release|Any CPU.Build.0 = Release|Any CPU
		{E8469DA5-E437-4287-9E2A-8B8F4DC21C1A}.Debug|Any CPU.ActiveCfg = Debug|Any CPU
		{E8469DA5-E437-4287-9E2A-8B8F4DC21C1A}.Debug|Any CPU.Build.0 = Debug|Any CPU
		{E8469DA5-E437-4287-9E2A-8B8F4DC21C1A}.Release|Any CPU.ActiveCfg = Release|Any CPU
		{E8469DA5-E437-4287-9E2A-8B8F4DC21C1A}.Release|Any CPU.Build.0 = Release|Any CPU
		{CCDD11EE-D552-4925-8B68-351AC9317589}.Debug|Any CPU.ActiveCfg = Debug|Any CPU
		{CCDD11EE-D552-4925-8B68-351AC9317589}.Debug|Any CPU.Build.0 = Debug|Any CPU
		{CCDD11EE-D552-4925-8B68-351AC9317589}.Release|Any CPU.ActiveCfg = Release|Any CPU
		{CCDD11EE-D552-4925-8B68-351AC9317589}.Release|Any CPU.Build.0 = Release|Any CPU
		{7E8D719A-5B69-43B7-A9D5-385B6FE7F411}.Debug|Any CPU.ActiveCfg = Debug|Any CPU
		{7E8D719A-5B69-43B7-A9D5-385B6FE7F411}.Debug|Any CPU.Build.0 = Debug|Any CPU
		{7E8D719A-5B69-43B7-A9D5-385B6FE7F411}.Release|Any CPU.ActiveCfg = Release|Any CPU
		{7E8D719A-5B69-43B7-A9D5-385B6FE7F411}.Release|Any CPU.Build.0 = Release|Any CPU
		{8E37EB82-ACC4-4656-A6E5-DB298AE72066}.Debug|Any CPU.ActiveCfg = Debug|Any CPU
		{8E37EB82-ACC4-4656-A6E5-DB298AE72066}.Debug|Any CPU.Build.0 = Debug|Any CPU
		{8E37EB82-ACC4-4656-A6E5-DB298AE72066}.Release|Any CPU.ActiveCfg = Release|Any CPU
		{8E37EB82-ACC4-4656-A6E5-DB298AE72066}.Release|Any CPU.Build.0 = Release|Any CPU
		{A0D6FC5F-BA26-4298-ABF0-234D2481E323}.Debug|Any CPU.ActiveCfg = Debug|Any CPU
		{A0D6FC5F-BA26-4298-ABF0-234D2481E323}.Debug|Any CPU.Build.0 = Debug|Any CPU
		{A0D6FC5F-BA26-4298-ABF0-234D2481E323}.Release|Any CPU.ActiveCfg = Release|Any CPU
		{A0D6FC5F-BA26-4298-ABF0-234D2481E323}.Release|Any CPU.Build.0 = Release|Any CPU
		{421748C4-B51F-4B00-9637-566DBFD96E02}.Debug|Any CPU.ActiveCfg = Debug|Any CPU
		{421748C4-B51F-4B00-9637-566DBFD96E02}.Debug|Any CPU.Build.0 = Debug|Any CPU
		{421748C4-B51F-4B00-9637-566DBFD96E02}.Release|Any CPU.ActiveCfg = Release|Any CPU
		{421748C4-B51F-4B00-9637-566DBFD96E02}.Release|Any CPU.Build.0 = Release|Any CPU
	EndGlobalSection
	GlobalSection(SolutionProperties) = preSolution
		HideSolutionNode = FALSE
	EndGlobalSection
	GlobalSection(ExtensibilityGlobals) = postSolution
		SolutionGuid = {19F716B7-F795-4152-A923-B8750DDBAB4E}
	EndGlobalSection
EndGlobal
