
Microsoft Visual Studio Solution File, Format Version 12.00
# Visual Studio Version 17
VisualStudioVersion = 17.0.31903.59
MinimumVisualStudioVersion = 10.0.40219.1
Project("{2150E333-8FDC-42A3-9474-1A3956D46DE8}") = "Solution Items", "Solution Items", "{18C20490-AA42-464A-BBC4-7B6CF63B91DE}"
	ProjectSection(SolutionItems) = preProject
		.editorconfig = .editorconfig
		.gitignore = .gitignore
		.globalconfig = .globalconfig
		Directory.Build.props = Directory.Build.props
		.config\dotnet-tools.json = .config\dotnet-tools.json
		global.json = global.json
	EndProjectSection
EndProject
Project("{9A19103F-16F7-4668-BE54-9A1E7A4F7556}") = "SDL3-CS", "SDL3-CS\SDL3-CS.csproj", "{3AEE5979-6974-4BD6-9BB1-1409B0BB469B}"
EndProject
Project("{9A19103F-16F7-4668-BE54-9A1E7A4F7556}") = "SDL3-CS.SourceGeneration", "SDL3-CS.SourceGeneration\SDL3-CS.SourceGeneration.csproj", "{432C86D0-D371-4D01-BFFE-01D2CDCCA7B8}"
EndProject
Project("{9A19103F-16F7-4668-BE54-9A1E7A4F7556}") = "SDL3-CS.Tests", "SDL3-CS.Tests\SDL3-CS.Tests.csproj", "{CF980481-8227-4BED-970E-6433C83F64CB}"
EndProject
Project("{FAE04EC0-301F-11D3-BF4B-00C04F79EFBC}") = "SDL3-CS.Android", "SDL3-CS.Android\SDL3-CS.Android.csproj", "{CA28F49C-D0BE-47D6-9E82-7A0B8C380B8B}"
EndProject
Global
	GlobalSection(SolutionConfigurationPlatforms) = preSolution
		Debug|Any CPU = Debug|Any CPU
		Release|Any CPU = Release|Any CPU
	EndGlobalSection
	GlobalSection(ProjectConfigurationPlatforms) = postSolution
		{3AEE5979-6974-4BD6-9BB1-1409B0BB469B}.Debug|Any CPU.ActiveCfg = Debug|Any CPU
		{3AEE5979-6974-4BD6-9BB1-1409B0BB469B}.Debug|Any CPU.Build.0 = Debug|Any CPU
		{3AEE5979-6974-4BD6-9BB1-1409B0BB469B}.Release|Any CPU.ActiveCfg = Release|Any CPU
		{3AEE5979-6974-4BD6-9BB1-1409B0BB469B}.Release|Any CPU.Build.0 = Release|Any CPU
		{432C86D0-D371-4D01-BFFE-01D2CDCCA7B8}.Debug|Any CPU.ActiveCfg = Debug|Any CPU
		{432C86D0-D371-4D01-BFFE-01D2CDCCA7B8}.Debug|Any CPU.Build.0 = Debug|Any CPU
		{432C86D0-D371-4D01-BFFE-01D2CDCCA7B8}.Release|Any CPU.ActiveCfg = Release|Any CPU
		{432C86D0-D371-4D01-BFFE-01D2CDCCA7B8}.Release|Any CPU.Build.0 = Release|Any CPU
		{CF980481-8227-4BED-970E-6433C83F64CB}.Debug|Any CPU.ActiveCfg = Debug|Any CPU
		{CF980481-8227-4BED-970E-6433C83F64CB}.Debug|Any CPU.Build.0 = Debug|Any CPU
		{CF980481-8227-4BED-970E-6433C83F64CB}.Release|Any CPU.ActiveCfg = Release|Any CPU
		{CF980481-8227-4BED-970E-6433C83F64CB}.Release|Any CPU.Build.0 = Release|Any CPU
		{CA28F49C-D0BE-47D6-9E82-7A0B8C380B8B}.Debug|Any CPU.ActiveCfg = Debug|Any CPU
		{CA28F49C-D0BE-47D6-9E82-7A0B8C380B8B}.Debug|Any CPU.Build.0 = Debug|Any CPU
		{CA28F49C-D0BE-47D6-9E82-7A0B8C380B8B}.Release|Any CPU.ActiveCfg = Release|Any CPU
		{CA28F49C-D0BE-47D6-9E82-7A0B8C380B8B}.Release|Any CPU.Build.0 = Release|Any CPU
	EndGlobalSection
	GlobalSection(SolutionProperties) = preSolution
		HideSolutionNode = FALSE
	EndGlobalSection
	GlobalSection(ExtensibilityGlobals) = postSolution
		SolutionGuid = {19F716B7-F795-4152-A923-B8750DDBAB4E}
	EndGlobalSection
EndGlobal
